
Microsoft Visual Studio Solution File, Format Version 12.00
Project("{FAE04EC0-301F-11D3-BF4B-00C04F79EFBC}") = "currency-converter-cs", "currency-converter-cs.csproj", "{64437512-CE24-4BB8-81B0-3CF2597928B3}"
EndProject
Global
	GlobalSection(SolutionConfigurationPlatforms) = preSolution
		Debug|Any CPU = Debug|Any CPU
		Release|Any CPU = Release|Any CPU
	EndGlobalSection
	GlobalSection(ProjectConfigurationPlatforms) = postSolution
		{64437512-CE24-4BB8-81B0-3CF2597928B3}.Debug|Any CPU.ActiveCfg = Debug|Any CPU
		{64437512-CE24-4BB8-81B0-3CF2597928B3}.Debug|Any CPU.Build.0 = Debug|Any CPU
		{64437512-CE24-4BB8-81B0-3CF2597928B3}.Release|Any CPU.ActiveCfg = Release|Any CPU
		{64437512-CE24-4BB8-81B0-3CF2597928B3}.Release|Any CPU.Build.0 = Release|Any CPU
	EndGlobalSection
EndGlobal
